
Microsoft Visual Studio Solution File, Format Version 12.00
# Visual Studio Version 17
VisualStudioVersion = 17.7.34031.279
MinimumVisualStudioVersion = 10.0.40219.1
Project("{FAE04EC0-301F-11D3-BF4B-00C04F79EFBC}") = "API Choferes", "API Choferes.csproj", "{FBB231E5-C3DB-478A-8DC5-5E28EAE15DF7}"
EndProject
Global
	GlobalSection(SolutionConfigurationPlatforms) = preSolution
		Debug|Any CPU = Debug|Any CPU
		Release|Any CPU = Release|Any CPU
	EndGlobalSection
	GlobalSection(ProjectConfigurationPlatforms) = postSolution
		{FBB231E5-C3DB-478A-8DC5-5E28EAE15DF7}.Debug|Any CPU.ActiveCfg = Debug|Any CPU
		{FBB231E5-C3DB-478A-8DC5-5E28EAE15DF7}.Debug|Any CPU.Build.0 = Debug|Any CPU
		{FBB231E5-C3DB-478A-8DC5-5E28EAE15DF7}.Release|Any CPU.ActiveCfg = Release|Any CPU
		{FBB231E5-C3DB-478A-8DC5-5E28EAE15DF7}.Release|Any CPU.Build.0 = Release|Any CPU
	EndGlobalSection
	GlobalSection(SolutionProperties) = preSolution
		HideSolutionNode = FALSE
	EndGlobalSection
	GlobalSection(ExtensibilityGlobals) = postSolution
		SolutionGuid = {E7A23550-6ECA-43F5-9E71-C3E362B4130F}
	EndGlobalSection
EndGlobal
